
Microsoft Visual Studio Solution File, Format Version 12.00
# Visual Studio Version 16
VisualStudioVersion = 16.0.31624.102
MinimumVisualStudioVersion = 10.0.40219.1
Project("{FAE04EC0-301F-11D3-BF4B-00C04F79EFBC}") = "BookListMVC", "BookListMVC\BookListMVC.csproj", "{03FF3F33-B2D6-4C96-A246-3C92F9E31473}"
EndProject
Global
	GlobalSection(SolutionConfigurationPlatforms) = preSolution
		Debug|Any CPU = Debug|Any CPU
		Release|Any CPU = Release|Any CPU
	EndGlobalSection
	GlobalSection(ProjectConfigurationPlatforms) = postSolution
		{03FF3F33-B2D6-4C96-A246-3C92F9E31473}.Debug|Any CPU.ActiveCfg = Debug|Any CPU
		{03FF3F33-B2D6-4C96-A246-3C92F9E31473}.Debug|Any CPU.Build.0 = Debug|Any CPU
		{03FF3F33-B2D6-4C96-A246-3C92F9E31473}.Release|Any CPU.ActiveCfg = Release|Any CPU
		{03FF3F33-B2D6-4C96-A246-3C92F9E31473}.Release|Any CPU.Build.0 = Release|Any CPU
	EndGlobalSection
	GlobalSection(SolutionProperties) = preSolution
		HideSolutionNode = FALSE
	EndGlobalSection
	GlobalSection(ExtensibilityGlobals) = postSolution
		SolutionGuid = {57F80FFB-F6D7-4805-B03F-C22A072D5AEC}
	EndGlobalSection
EndGlobal
